
Microsoft Visual Studio Solution File, Format Version 12.00
# Visual Studio Version 17
VisualStudioVersion = 17.0.32112.339
MinimumVisualStudioVersion = 10.0.40219.1
Project("{FAE04EC0-301F-11D3-BF4B-00C04F79EFBC}") = "Air Hockey", "Air Hockey\Air Hockey.csproj", "{C5BAB7B5-819E-484F-8E71-B20D100BCB66}"
EndProject
Global
	GlobalSection(SolutionConfigurationPlatforms) = preSolution
		Debug|Any CPU = Debug|Any CPU
		Release|Any CPU = Release|Any CPU
	EndGlobalSection
	GlobalSection(ProjectConfigurationPlatforms) = postSolution
		{C5BAB7B5-819E-484F-8E71-B20D100BCB66}.Debug|Any CPU.ActiveCfg = Debug|Any CPU
		{C5BAB7B5-819E-484F-8E71-B20D100BCB66}.Debug|Any CPU.Build.0 = Debug|Any CPU
		{C5BAB7B5-819E-484F-8E71-B20D100BCB66}.Release|Any CPU.ActiveCfg = Release|Any CPU
		{C5BAB7B5-819E-484F-8E71-B20D100BCB66}.Release|Any CPU.Build.0 = Release|Any CPU
	EndGlobalSection
	GlobalSection(SolutionProperties) = preSolution
		HideSolutionNode = FALSE
	EndGlobalSection
	GlobalSection(ExtensibilityGlobals) = postSolution
		SolutionGuid = {4C831ADC-829F-48A2-BF65-15129B8C009E}
	EndGlobalSection
EndGlobal
